{
 "graph_lock": {
  "nodes": {
   "0": {
    "options": "cpr:shared=False\ncpr:with_openssl=True\nlibcurl:darwin_ssl=deprecated\nlibcurl:shared=False\nlibcurl:with_brotli=False\nlibcurl:with_c_ares=False\nlibcurl:with_largemaxwritesize=False\nlibcurl:with_ldap=False\nlibcurl:with_libssh2=False\nlibcurl:with_nghttp2=False\nlibcurl:with_openssl=True\nlibcurl:with_ssl=openssl\nlibcurl:with_winssl=deprecated\nlibcurl:with_wolfssl=deprecated\nlibcurl:with_zlib=True\nopenssl:386=False\nopenssl:capieng_dialog=False\nopenssl:enable_capieng=False\nopenssl:no_aria=False\nopenssl:no_asm=False\nopenssl:no_async=False\nopenssl:no_bf=False\nopenssl:no_blake2=False\nopenssl:no_camellia=False\nopenssl:no_cast=False\nopenssl:no_chacha=False\nopenssl:no_cms=False\nopenssl:no_comp=False\nopenssl:no_ct=False\nopenssl:no_deprecated=False\nopenssl:no_des=False\nopenssl:no_dgram=False\nopenssl:no_dh=False\nopenssl:no_dsa=False\nopenssl:no_dso=False\nopenssl:no_engine=False\nopenssl:no_filenames=False\nopenssl:no_gost=False\nopenssl:no_hmac=False\nopenssl:no_idea=False\nopenssl:no_md4=False\nopenssl:no_md5=False\nopenssl:no_mdc2=False\nopenssl:no_ocsp=False\nopenssl:no_pinshared=False\nopenssl:no_rc2=False\nopenssl:no_rmd160=False\nopenssl:no_rsa=False\nopenssl:no_sha=False\nopenssl:no_sm2=False\nopenssl:no_sm3=False\nopenssl:no_sm4=False\nopenssl:no_srp=False\nopenssl:no_srtp=False\nopenssl:no_sse2=False\nopenssl:no_ssl=False\nopenssl:no_threads=False\nopenssl:no_ts=False\nopenssl:no_whirlpool=False\nopenssl:openssldir=None\nopenssl:shared=False\nzlib:minizip=False\nzlib:shared=False",
    "requires": [
     "1",
     "5"
    ],
    "path": "conanfile.txt",
    "context": "host"
   },
   "1": {
    "ref": "cpr/1.5.0",
    "options": "shared=False\nwith_openssl=True\nlibcurl:darwin_ssl=deprecated\nlibcurl:shared=False\nlibcurl:with_brotli=False\nlibcurl:with_c_ares=False\nlibcurl:with_largemaxwritesize=False\nlibcurl:with_ldap=False\nlibcurl:with_libssh2=False\nlibcurl:with_nghttp2=False\nlibcurl:with_openssl=True\nlibcurl:with_ssl=openssl\nlibcurl:with_winssl=deprecated\nlibcurl:with_wolfssl=deprecated\nlibcurl:with_zlib=True\nopenssl:386=False\nopenssl:capieng_dialog=False\nopenssl:enable_capieng=False\nopenssl:no_aria=False\nopenssl:no_asm=False\nopenssl:no_async=False\nopenssl:no_bf=False\nopenssl:no_blake2=False\nopenssl:no_camellia=False\nopenssl:no_cast=False\nopenssl:no_chacha=False\nopenssl:no_cms=False\nopenssl:no_comp=False\nopenssl:no_ct=False\nopenssl:no_deprecated=False\nopenssl:no_des=False\nopenssl:no_dgram=False\nopenssl:no_dh=False\nopenssl:no_dsa=False\nopenssl:no_dso=False\nopenssl:no_engine=False\nopenssl:no_filenames=False\nopenssl:no_gost=False\nopenssl:no_hmac=False\nopenssl:no_idea=False\nopenssl:no_md4=False\nopenssl:no_md5=False\nopenssl:no_mdc2=False\nopenssl:no_ocsp=False\nopenssl:no_pinshared=False\nopenssl:no_rc2=False\nopenssl:no_rmd160=False\nopenssl:no_rsa=False\nopenssl:no_sha=False\nopenssl:no_sm2=False\nopenssl:no_sm3=False\nopenssl:no_sm4=False\nopenssl:no_srp=False\nopenssl:no_srtp=False\nopenssl:no_sse2=False\nopenssl:no_ssl=False\nopenssl:no_threads=False\nopenssl:no_ts=False\nopenssl:no_whirlpool=False\nopenssl:openssldir=None\nopenssl:shared=False\nzlib:minizip=False\nzlib:shared=False",
    "package_id": "058c05e90ff4ae0ca545d7b6f3eae06e8319c8ac",
    "prev": "0",
    "requires": [
     "2"
    ],
    "context": "host"
   },
   "2": {
    "ref": "libcurl/7.69.1",
    "options": "darwin_ssl=deprecated\nshared=False\nwith_brotli=False\nwith_c_ares=False\nwith_largemaxwritesize=False\nwith_ldap=False\nwith_libssh2=False\nwith_nghttp2=False\nwith_openssl=True\nwith_ssl=openssl\nwith_winssl=deprecated\nwith_wolfssl=deprecated\nwith_zlib=True\nopenssl:386=False\nopenssl:capieng_dialog=False\nopenssl:enable_capieng=False\nopenssl:no_aria=False\nopenssl:no_asm=False\nopenssl:no_async=False\nopenssl:no_bf=False\nopenssl:no_blake2=False\nopenssl:no_camellia=False\nopenssl:no_cast=False\nopenssl:no_chacha=False\nopenssl:no_cms=False\nopenssl:no_comp=False\nopenssl:no_ct=False\nopenssl:no_deprecated=False\nopenssl:no_des=False\nopenssl:no_dgram=False\nopenssl:no_dh=False\nopenssl:no_dsa=False\nopenssl:no_dso=False\nopenssl:no_engine=False\nopenssl:no_filenames=False\nopenssl:no_gost=False\nopenssl:no_hmac=False\nopenssl:no_idea=False\nopenssl:no_md4=False\nopenssl:no_md5=False\nopenssl:no_mdc2=False\nopenssl:no_ocsp=False\nopenssl:no_pinshared=False\nopenssl:no_rc2=False\nopenssl:no_rmd160=False\nopenssl:no_rsa=False\nopenssl:no_sha=False\nopenssl:no_sm2=False\nopenssl:no_sm3=False\nopenssl:no_sm4=False\nopenssl:no_srp=False\nopenssl:no_srtp=False\nopenssl:no_sse2=False\nopenssl:no_ssl=False\nopenssl:no_threads=False\nopenssl:no_ts=False\nopenssl:no_whirlpool=False\nopenssl:openssldir=None\nopenssl:shared=False\nzlib:minizip=False\nzlib:shared=False",
    "package_id": "c708807bd7d96d499cc7ef633e8546ec246ba1b3",
    "prev": "0",
    "requires": [
     "3",
     "4"
    ],
    "context": "host"
   },
   "3": {
    "ref": "openssl/1.1.1h",
    "options": "386=False\ncapieng_dialog=False\nenable_capieng=False\nno_aria=False\nno_asm=False\nno_async=False\nno_bf=False\nno_blake2=False\nno_camellia=False\nno_cast=False\nno_chacha=False\nno_cms=False\nno_comp=False\nno_ct=False\nno_deprecated=False\nno_des=False\nno_dgram=False\nno_dh=False\nno_dsa=False\nno_dso=False\nno_engine=False\nno_filenames=False\nno_gost=False\nno_hmac=False\nno_idea=False\nno_md4=False\nno_md5=False\nno_mdc2=False\nno_ocsp=False\nno_pinshared=False\nno_rc2=False\nno_rmd160=False\nno_rsa=False\nno_sha=False\nno_sm2=False\nno_sm3=False\nno_sm4=False\nno_srp=False\nno_srtp=False\nno_sse2=False\nno_ssl=False\nno_threads=False\nno_ts=False\nno_whirlpool=False\nopenssldir=None\nshared=False",
    "package_id": "3fb49604f9c2f729b85ba3115852006824e72cab",
    "prev": "0",
    "context": "host"
   },
   "4": {
    "ref": "zlib/1.2.11",
    "options": "minizip=False\nshared=False",
    "package_id": "3fb49604f9c2f729b85ba3115852006824e72cab",
    "prev": "0",
    "context": "host"
   },
   "5": {
    "ref": "rapidjson/1.1.0",
    "options": "",
    "package_id": "5ab84d6acfe1f23c4fae0ab88f26e3a396351ac9",
    "prev": "0",
    "context": "host"
   }
  },
  "revisions_enabled": false
 },
 "version": "0.4",
 "profile_host": "[settings]\narch=x86_64\narch_build=x86_64\nbuild_type=Release\ncompiler=Visual Studio\ncompiler.runtime=MD\ncompiler.version=16\nos=Windows\nos_build=Windows\n[options]\n[build_requires]\n[env]\n"
}